
Microsoft Visual Studio Solution File, Format Version 12.00
# Visual Studio Version 16
VisualStudioVersion = 16.0.31229.75
MinimumVisualStudioVersion = 10.0.40219.1
Project("{FAE04EC0-301F-11D3-BF4B-00C04F79EFBC}") = "SBSender", "SBSender\SBSender.csproj", "{0C834820-B406-448C-8B12-1C7F65880D66}"
EndProject
Project("{FAE04EC0-301F-11D3-BF4B-00C04F79EFBC}") = "SBShared", "SBShared\SBShared.csproj", "{07314462-8326-4D10-AB20-B40674F38AF8}"
EndProject
Project("{FAE04EC0-301F-11D3-BF4B-00C04F79EFBC}") = "SBReceiver", "SBReceiver\SBReceiver.csproj", "{9FE18E21-9D8D-4A5A-9FB5-30C7DCCB3C15}"
EndProject
Global
	GlobalSection(SolutionConfigurationPlatforms) = preSolution
		Debug|Any CPU = Debug|Any CPU
		Release|Any CPU = Release|Any CPU
	EndGlobalSection
	GlobalSection(ProjectConfigurationPlatforms) = postSolution
		{0C834820-B406-448C-8B12-1C7F65880D66}.Debug|Any CPU.ActiveCfg = Debug|Any CPU
		{0C834820-B406-448C-8B12-1C7F65880D66}.Debug|Any CPU.Build.0 = Debug|Any CPU
		{0C834820-B406-448C-8B12-1C7F65880D66}.Release|Any CPU.ActiveCfg = Release|Any CPU
		{0C834820-B406-448C-8B12-1C7F65880D66}.Release|Any CPU.Build.0 = Release|Any CPU
		{07314462-8326-4D10-AB20-B40674F38AF8}.Debug|Any CPU.ActiveCfg = Debug|Any CPU
		{07314462-8326-4D10-AB20-B40674F38AF8}.Debug|Any CPU.Build.0 = Debug|Any CPU
		{07314462-8326-4D10-AB20-B40674F38AF8}.Release|Any CPU.ActiveCfg = Release|Any CPU
		{07314462-8326-4D10-AB20-B40674F38AF8}.Release|Any CPU.Build.0 = Release|Any CPU
		{9FE18E21-9D8D-4A5A-9FB5-30C7DCCB3C15}.Debug|Any CPU.ActiveCfg = Debug|Any CPU
		{9FE18E21-9D8D-4A5A-9FB5-30C7DCCB3C15}.Debug|Any CPU.Build.0 = Debug|Any CPU
		{9FE18E21-9D8D-4A5A-9FB5-30C7DCCB3C15}.Release|Any CPU.ActiveCfg = Release|Any CPU
		{9FE18E21-9D8D-4A5A-9FB5-30C7DCCB3C15}.Release|Any CPU.Build.0 = Release|Any CPU
	EndGlobalSection
	GlobalSection(SolutionProperties) = preSolution
		HideSolutionNode = FALSE
	EndGlobalSection
	GlobalSection(ExtensibilityGlobals) = postSolution
		SolutionGuid = {58CE38EF-D0D7-4A0F-8BF1-4CB835317BDA}
	EndGlobalSection
EndGlobal
